
Microsoft Visual Studio Solution File, Format Version 12.00
# Visual Studio Version 16
VisualStudioVersion = 16.0.31025.194
MinimumVisualStudioVersion = 10.0.40219.1
Project("{8BC9CEB8-8B4A-11D0-8D11-00A0C91BC942}") = "BasicControl", "BasicControl\BasicControl.vcxproj", "{85956CAB-A30F-4BD0-A622-646B77C68161}"
EndProject
Project("{8BC9CEB8-8B4A-11D0-8D11-00A0C91BC942}") = "Combobox_Listbox", "Combobox_Listbox\Combobox_Listbox.vcxproj", "{4B40ED30-0470-4839-9C4E-8A1C588B37D5}"
EndProject
Global
	GlobalSection(SolutionConfigurationPlatforms) = preSolution
		Debug|x64 = Debug|x64
		Debug|x86 = Debug|x86
		Release|x64 = Release|x64
		Release|x86 = Release|x86
	EndGlobalSection
	GlobalSection(ProjectConfigurationPlatforms) = postSolution
		{85956CAB-A30F-4BD0-A622-646B77C68161}.Debug|x64.ActiveCfg = Debug|x64
		{85956CAB-A30F-4BD0-A622-646B77C68161}.Debug|x64.Build.0 = Debug|x64
		{85956CAB-A30F-4BD0-A622-646B77C68161}.Debug|x86.ActiveCfg = Debug|Win32
		{85956CAB-A30F-4BD0-A622-646B77C68161}.Debug|x86.Build.0 = Debug|Win32
		{85956CAB-A30F-4BD0-A622-646B77C68161}.Release|x64.ActiveCfg = Release|x64
		{85956CAB-A30F-4BD0-A622-646B77C68161}.Release|x64.Build.0 = Release|x64
		{85956CAB-A30F-4BD0-A622-646B77C68161}.Release|x86.ActiveCfg = Release|Win32
		{85956CAB-A30F-4BD0-A622-646B77C68161}.Release|x86.Build.0 = Release|Win32
		{4B40ED30-0470-4839-9C4E-8A1C588B37D5}.Debug|x64.ActiveCfg = Debug|x64
		{4B40ED30-0470-4839-9C4E-8A1C588B37D5}.Debug|x64.Build.0 = Debug|x64
		{4B40ED30-0470-4839-9C4E-8A1C588B37D5}.Debug|x86.ActiveCfg = Debug|Win32
		{4B40ED30-0470-4839-9C4E-8A1C588B37D5}.Debug|x86.Build.0 = Debug|Win32
		{4B40ED30-0470-4839-9C4E-8A1C588B37D5}.Release|x64.ActiveCfg = Release|x64
		{4B40ED30-0470-4839-9C4E-8A1C588B37D5}.Release|x64.Build.0 = Release|x64
		{4B40ED30-0470-4839-9C4E-8A1C588B37D5}.Release|x86.ActiveCfg = Release|Win32
		{4B40ED30-0470-4839-9C4E-8A1C588B37D5}.Release|x86.Build.0 = Release|Win32
	EndGlobalSection
	GlobalSection(SolutionProperties) = preSolution
		HideSolutionNode = FALSE
	EndGlobalSection
	GlobalSection(ExtensibilityGlobals) = postSolution
		SolutionGuid = {C7AEA6B0-88AB-497B-B02A-AD4A621E9CFA}
	EndGlobalSection
EndGlobal
